{
    "_readme": [
        "This file locks the dependencies of your project to a known state",
        "Read more about it at https://getcomposer.org/doc/01-basic-usage.md#installing-dependencies",
        "This file is @generated automatically"
    ],
    "content-hash": "109f0994e28b739c21a09b8411ce82f2",
    "packages": [
        {
            "name": "honzabrecka/transit-php",
            "version": "0.8.4",
            "source": {
                "type": "git",
                "url": "https://github.com/honzabrecka/transit-php.git",
                "reference": "3e474988d85395bf76adf1177fc6be43711496f1"
            },
            "dist": {
                "type": "zip",
                "url": "https://api.github.com/repos/honzabrecka/transit-php/zipball/3e474988d85395bf76adf1177fc6be43711496f1",
                "reference": "3e474988d85395bf76adf1177fc6be43711496f1",
                "shasum": ""
            },
            "require": {
                "nette/utils": "2.5.*",
                "php": ">=5.6.0"
            },
            "require-dev": {
                "nette/tester": "2.0.*"
            },
            "type": "library",
            "autoload": {
                "psr-0": {
                    "transit\\": "src/"
                }
            },
            "notification-url": "https://packagist.org/downloads/",
            "license": [
                "MIT"
            ],
            "authors": [
                {
                    "name": "Jan Břečka",
                    "email": "jan.brecka@gmail.com",
                    "homepage": "http://honzabrecka.com"
                }
            ],
            "description": "Transit for PHP.",
            "keywords": [
                "data",
                "format",
                "transit"
            ],
            "time": "2018-06-27T07:30:20+00:00"
        },
        {
            "name": "nette/utils",
            "version": "v2.5.4",
            "source": {
                "type": "git",
                "url": "https://github.com/nette/utils.git",
                "reference": "b343b5749f8c2daa0d15f30380ccdba0579c2ed1"
            },
            "dist": {
                "type": "zip",
                "url": "https://api.github.com/repos/nette/utils/zipball/b343b5749f8c2daa0d15f30380ccdba0579c2ed1",
                "reference": "b343b5749f8c2daa0d15f30380ccdba0579c2ed1",
                "shasum": ""
            },
            "require": {
                "php": ">=5.6.0"
            },
            "conflict": {
                "nette/nette": "<2.2"
            },
            "require-dev": {
                "nette/tester": "~2.0",
                "tracy/tracy": "^2.3"
            },
            "suggest": {
                "ext-gd": "to use Image",
                "ext-iconv": "to use Strings::webalize() and toAscii()",
                "ext-intl": "for script transliteration in Strings::webalize() and toAscii()",
                "ext-json": "to use Nette\\Utils\\Json",
                "ext-mbstring": "to use Strings::lower() etc...",
                "ext-xml": "to use Strings::length() etc. when mbstring is not available"
            },
            "type": "library",
            "extra": {
                "branch-alias": {
                    "dev-master": "2.5-dev"
                }
            },
            "autoload": {
                "classmap": [
                    "src/"
                ],
                "files": [
                    "src/loader.php"
                ]
            },
            "notification-url": "https://packagist.org/downloads/",
            "license": [
                "BSD-3-Clause",
                "GPL-2.0",
                "GPL-3.0"
            ],
            "authors": [
                {
                    "name": "David Grudl",
                    "homepage": "https://davidgrudl.com"
                },
                {
                    "name": "Nette Community",
                    "homepage": "https://nette.org/contributors"
                }
            ],
            "description": "🛠 Nette Utils: lightweight utilities for string & array manipulation, image handling, safe JSON encoding/decoding, validation, slug or strong password generating etc.",
            "homepage": "https://nette.org",
            "keywords": [
                "array",
                "core",
                "datetime",
                "images",
                "json",
                "nette",
                "paginator",
                "password",
                "slugify",
                "string",
                "unicode",
                "utf-8",
                "utility",
                "validation"
            ],
            "time": "2019-11-19T00:32:02+00:00"
        }
    ],
    "packages-dev": [],
    "aliases": [],
    "minimum-stability": "stable",
    "stability-flags": [],
    "prefer-stable": false,
    "prefer-lowest": false,
    "platform": {
        "php": "^7.4"
    },
    "platform-dev": []
}
